
Microsoft Visual Studio Solution File, Format Version 12.00
# Visual Studio Version 16
VisualStudioVersion = 16.0.29418.71
MinimumVisualStudioVersion = 10.0.40219.1
Project("{9A19103F-16F7-4668-BE54-9A1E7A4F7556}") = "IdentityServer4.MongoDbAdapter", "IdentityServer4.MongoDbAdapter\IdentityServer4.MongoDbAdapter.csproj", "{682E1E14-44C4-45C8-AF30-96D0D91D0B54}"
EndProject
Project("{FAE04EC0-301F-11D3-BF4B-00C04F79EFBC}") = "IdentityServer4.MongoDbAdapter.Demo", "IdentityServer4.MongoDbAdapter.Demo\IdentityServer4.MongoDbAdapter.Demo.csproj", "{1A7E2C4F-64C1-490A-B3B4-71EA9A06A7A6}"
EndProject
Global
	GlobalSection(SolutionConfigurationPlatforms) = preSolution
		Debug|Any CPU = Debug|Any CPU
		Release|Any CPU = Release|Any CPU
	EndGlobalSection
	GlobalSection(ProjectConfigurationPlatforms) = postSolution
		{682E1E14-44C4-45C8-AF30-96D0D91D0B54}.Debug|Any CPU.ActiveCfg = Debug|Any CPU
		{682E1E14-44C4-45C8-AF30-96D0D91D0B54}.Debug|Any CPU.Build.0 = Debug|Any CPU
		{682E1E14-44C4-45C8-AF30-96D0D91D0B54}.Release|Any CPU.ActiveCfg = Release|Any CPU
		{682E1E14-44C4-45C8-AF30-96D0D91D0B54}.Release|Any CPU.Build.0 = Release|Any CPU
		{1A7E2C4F-64C1-490A-B3B4-71EA9A06A7A6}.Debug|Any CPU.ActiveCfg = Debug|Any CPU
		{1A7E2C4F-64C1-490A-B3B4-71EA9A06A7A6}.Debug|Any CPU.Build.0 = Debug|Any CPU
		{1A7E2C4F-64C1-490A-B3B4-71EA9A06A7A6}.Release|Any CPU.ActiveCfg = Release|Any CPU
		{1A7E2C4F-64C1-490A-B3B4-71EA9A06A7A6}.Release|Any CPU.Build.0 = Release|Any CPU
	EndGlobalSection
	GlobalSection(SolutionProperties) = preSolution
		HideSolutionNode = FALSE
	EndGlobalSection
	GlobalSection(ExtensibilityGlobals) = postSolution
		SolutionGuid = {C0D14A9A-CCA2-476C-AAE4-743C756AAC3C}
	EndGlobalSection
EndGlobal
